{
  "requires": true,
  "lockfileVersion": 1,
  "dependencies": {
    "protoc-gen-ts": {
      "version": "0.3.6-rc4",
      "resolved": "https://registry.npmjs.org/protoc-gen-ts/-/protoc-gen-ts-0.3.6-rc4.tgz",
      "integrity": "sha512-LenLKH5xdUFnVX16VNpOx/7vlYEw6kvf5R+zumI4GwHgIaNBEKQAJjXa8JMjPoerj22ITaHaS/ug1bD1alS9JA=="
    }
  }
}
