# THIS IS AN AUTOGENERATED FILE. DO NOT EDIT THIS FILE DIRECTLY.
# yarn lockfile v1


google-protobuf@^3.15.8:
  version "3.15.8"
  resolved "https://registry.yarnpkg.com/google-protobuf/-/google-protobuf-3.15.8.tgz#5f3948905e4951c867d6bc143f385a80e2a39efe"
  integrity sha512-2jtfdqTaSxk0cuBJBtTTWsot4WtR9RVr2rXg7x7OoqiuOKopPrwXpM1G4dXIkLcUNRh3RKzz76C8IOkksZSeOw==
